
Microsoft Visual Studio Solution File, Format Version 12.00
# Visual Studio 14
VisualStudioVersion = 14.0.25420.1
MinimumVisualStudioVersion = 10.0.40219.1
Project("{2150E333-8FDC-42A3-9474-1A3956D46DE8}") = "src", "src", "{CCF99004-FF90-4AA7-997C-E8B6C43300E9}"
EndProject
Project("{2150E333-8FDC-42A3-9474-1A3956D46DE8}") = "Solution Items", "Solution Items", "{C20866D2-FC1D-4CBE-B2E6-B48845142AD8}"
	ProjectSection(SolutionItems) = preProject
		global.json = global.json
	EndProjectSection
EndProject
Project("{FAE04EC0-301F-11D3-BF4B-00C04F79EFBC}") = "ESquare.Common", "src\ESquare.Common\ESquare.Common.csproj", "{F2672DB5-010F-4AE6-BD88-5C6238AF4147}"
EndProject
Project("{FAE04EC0-301F-11D3-BF4B-00C04F79EFBC}") = "ESquare.DAL", "src\ESquare.DAL\ESquare.DAL.csproj", "{DB3A49D2-357D-4436-9F90-218C52674AE9}"
EndProject
Project("{FAE04EC0-301F-11D3-BF4B-00C04F79EFBC}") = "ESquare.DTO", "src\ESquare.DTO\ESquare.DTO.csproj", "{0FA4AF17-6BCF-48B9-8FDE-B8ECBFA5C4E3}"
EndProject
Project("{FAE04EC0-301F-11D3-BF4B-00C04F79EFBC}") = "ESquare.Entity", "src\ESquare.Entity\ESquare.Entity.csproj", "{BB482047-D8DA-42E4-BEF3-FE5120C64C45}"
EndProject
Project("{FAE04EC0-301F-11D3-BF4B-00C04F79EFBC}") = "ESquare.Infrastructure", "src\ESquare.Infrastructure\ESquare.Infrastructure.csproj", "{FA02BEE4-5EF3-4336-9051-3E8B34AEB52D}"
EndProject
Project("{FAE04EC0-301F-11D3-BF4B-00C04F79EFBC}") = "ESquare.Repository", "src\ESquare.Repository\ESquare.Repository.csproj", "{8855D694-4F9C-4E5D-AEC3-DEA0A159065A}"
EndProject
Project("{FAE04EC0-301F-11D3-BF4B-00C04F79EFBC}") = "ESquare.Service", "src\ESquare.Service\ESquare.Service.csproj", "{223B0B31-533E-4DBC-B29E-F71CB8EDF564}"
EndProject
Project("{FAE04EC0-301F-11D3-BF4B-00C04F79EFBC}") = "ESquare.WebAPI", "src\ESquare.WebAPI\ESquare.WebAPI.csproj", "{C5CB6755-2225-42EA-AF91-BED54C6F4D53}"
EndProject
Project("{8BB2217D-0F2D-49D1-97BC-3654ED321F3B}") = "ESquare.WebApp", "src\ESquare.WebApp\ESquare.WebApp.xproj", "{E804D268-83DA-42A4-9144-20A0F72F3F26}"
EndProject
Global
	GlobalSection(SolutionConfigurationPlatforms) = preSolution
		Debug|Any CPU = Debug|Any CPU
		Release|Any CPU = Release|Any CPU
	EndGlobalSection
	GlobalSection(ProjectConfigurationPlatforms) = postSolution
		{F2672DB5-010F-4AE6-BD88-5C6238AF4147}.Debug|Any CPU.ActiveCfg = Debug|Any CPU
		{F2672DB5-010F-4AE6-BD88-5C6238AF4147}.Debug|Any CPU.Build.0 = Debug|Any CPU
		{F2672DB5-010F-4AE6-BD88-5C6238AF4147}.Release|Any CPU.ActiveCfg = Release|Any CPU
		{F2672DB5-010F-4AE6-BD88-5C6238AF4147}.Release|Any CPU.Build.0 = Release|Any CPU
		{DB3A49D2-357D-4436-9F90-218C52674AE9}.Debug|Any CPU.ActiveCfg = Debug|Any CPU
		{DB3A49D2-357D-4436-9F90-218C52674AE9}.Debug|Any CPU.Build.0 = Debug|Any CPU
		{DB3A49D2-357D-4436-9F90-218C52674AE9}.Release|Any CPU.ActiveCfg = Release|Any CPU
		{DB3A49D2-357D-4436-9F90-218C52674AE9}.Release|Any CPU.Build.0 = Release|Any CPU
		{0FA4AF17-6BCF-48B9-8FDE-B8ECBFA5C4E3}.Debug|Any CPU.ActiveCfg = Debug|Any CPU
		{0FA4AF17-6BCF-48B9-8FDE-B8ECBFA5C4E3}.Debug|Any CPU.Build.0 = Debug|Any CPU
		{0FA4AF17-6BCF-48B9-8FDE-B8ECBFA5C4E3}.Release|Any CPU.ActiveCfg = Release|Any CPU
		{0FA4AF17-6BCF-48B9-8FDE-B8ECBFA5C4E3}.Release|Any CPU.Build.0 = Release|Any CPU
		{BB482047-D8DA-42E4-BEF3-FE5120C64C45}.Debug|Any CPU.ActiveCfg = Debug|Any CPU
		{BB482047-D8DA-42E4-BEF3-FE5120C64C45}.Debug|Any CPU.Build.0 = Debug|Any CPU
		{BB482047-D8DA-42E4-BEF3-FE5120C64C45}.Release|Any CPU.ActiveCfg = Release|Any CPU
		{BB482047-D8DA-42E4-BEF3-FE5120C64C45}.Release|Any CPU.Build.0 = Release|Any CPU
		{FA02BEE4-5EF3-4336-9051-3E8B34AEB52D}.Debug|Any CPU.ActiveCfg = Debug|Any CPU
		{FA02BEE4-5EF3-4336-9051-3E8B34AEB52D}.Debug|Any CPU.Build.0 = Debug|Any CPU
		{FA02BEE4-5EF3-4336-9051-3E8B34AEB52D}.Release|Any CPU.ActiveCfg = Release|Any CPU
		{FA02BEE4-5EF3-4336-9051-3E8B34AEB52D}.Release|Any CPU.Build.0 = Release|Any CPU
		{8855D694-4F9C-4E5D-AEC3-DEA0A159065A}.Debug|Any CPU.ActiveCfg = Debug|Any CPU
		{8855D694-4F9C-4E5D-AEC3-DEA0A159065A}.Debug|Any CPU.Build.0 = Debug|Any CPU
		{8855D694-4F9C-4E5D-AEC3-DEA0A159065A}.Release|Any CPU.ActiveCfg = Release|Any CPU
		{8855D694-4F9C-4E5D-AEC3-DEA0A159065A}.Release|Any CPU.Build.0 = Release|Any CPU
		{223B0B31-533E-4DBC-B29E-F71CB8EDF564}.Debug|Any CPU.ActiveCfg = Debug|Any CPU
		{223B0B31-533E-4DBC-B29E-F71CB8EDF564}.Debug|Any CPU.Build.0 = Debug|Any CPU
		{223B0B31-533E-4DBC-B29E-F71CB8EDF564}.Release|Any CPU.ActiveCfg = Release|Any CPU
		{223B0B31-533E-4DBC-B29E-F71CB8EDF564}.Release|Any CPU.Build.0 = Release|Any CPU
		{C5CB6755-2225-42EA-AF91-BED54C6F4D53}.Debug|Any CPU.ActiveCfg = Debug|Any CPU
		{C5CB6755-2225-42EA-AF91-BED54C6F4D53}.Debug|Any CPU.Build.0 = Debug|Any CPU
		{C5CB6755-2225-42EA-AF91-BED54C6F4D53}.Release|Any CPU.ActiveCfg = Release|Any CPU
		{C5CB6755-2225-42EA-AF91-BED54C6F4D53}.Release|Any CPU.Build.0 = Release|Any CPU
		{E804D268-83DA-42A4-9144-20A0F72F3F26}.Debug|Any CPU.ActiveCfg = Debug|Any CPU
		{E804D268-83DA-42A4-9144-20A0F72F3F26}.Debug|Any CPU.Build.0 = Debug|Any CPU
		{E804D268-83DA-42A4-9144-20A0F72F3F26}.Release|Any CPU.ActiveCfg = Release|Any CPU
		{E804D268-83DA-42A4-9144-20A0F72F3F26}.Release|Any CPU.Build.0 = Release|Any CPU
	EndGlobalSection
	GlobalSection(SolutionProperties) = preSolution
		HideSolutionNode = FALSE
	EndGlobalSection
	GlobalSection(NestedProjects) = preSolution
		{F2672DB5-010F-4AE6-BD88-5C6238AF4147} = {CCF99004-FF90-4AA7-997C-E8B6C43300E9}
		{DB3A49D2-357D-4436-9F90-218C52674AE9} = {CCF99004-FF90-4AA7-997C-E8B6C43300E9}
		{0FA4AF17-6BCF-48B9-8FDE-B8ECBFA5C4E3} = {CCF99004-FF90-4AA7-997C-E8B6C43300E9}
		{BB482047-D8DA-42E4-BEF3-FE5120C64C45} = {CCF99004-FF90-4AA7-997C-E8B6C43300E9}
		{FA02BEE4-5EF3-4336-9051-3E8B34AEB52D} = {CCF99004-FF90-4AA7-997C-E8B6C43300E9}
		{8855D694-4F9C-4E5D-AEC3-DEA0A159065A} = {CCF99004-FF90-4AA7-997C-E8B6C43300E9}
		{223B0B31-533E-4DBC-B29E-F71CB8EDF564} = {CCF99004-FF90-4AA7-997C-E8B6C43300E9}
		{C5CB6755-2225-42EA-AF91-BED54C6F4D53} = {CCF99004-FF90-4AA7-997C-E8B6C43300E9}
		{E804D268-83DA-42A4-9144-20A0F72F3F26} = {CCF99004-FF90-4AA7-997C-E8B6C43300E9}
	EndGlobalSection
EndGlobal
